
Microsoft Visual Studio Solution File, Format Version 12.00
# Visual Studio Version 17
VisualStudioVersion = 17.5.002.0
MinimumVisualStudioVersion = 10.0.40219.1
Project("{9A19103F-16F7-4668-BE54-9A1E7A4F7556}") = "video06", "video06.csproj", "{FF074FDA-F4B0-4C4F-80F3-FB1A9F48F6BF}"
EndProject
Global
	GlobalSection(SolutionConfigurationPlatforms) = preSolution
		Debug|Any CPU = Debug|Any CPU
		Release|Any CPU = Release|Any CPU
	EndGlobalSection
	GlobalSection(ProjectConfigurationPlatforms) = postSolution
		{FF074FDA-F4B0-4C4F-80F3-FB1A9F48F6BF}.Debug|Any CPU.ActiveCfg = Debug|Any CPU
		{FF074FDA-F4B0-4C4F-80F3-FB1A9F48F6BF}.Debug|Any CPU.Build.0 = Debug|Any CPU
		{FF074FDA-F4B0-4C4F-80F3-FB1A9F48F6BF}.Release|Any CPU.ActiveCfg = Release|Any CPU
		{FF074FDA-F4B0-4C4F-80F3-FB1A9F48F6BF}.Release|Any CPU.Build.0 = Release|Any CPU
	EndGlobalSection
	GlobalSection(SolutionProperties) = preSolution
		HideSolutionNode = FALSE
	EndGlobalSection
	GlobalSection(ExtensibilityGlobals) = postSolution
		SolutionGuid = {10720BA3-DDE2-47BA-8505-60C1B2C7BE58}
	EndGlobalSection
EndGlobal
